
Microsoft Visual Studio Solution File, Format Version 12.00
# Visual Studio Version 17
VisualStudioVersion = 17.0.31903.59
MinimumVisualStudioVersion = 10.0.40219.1
Project("{2150E333-8FDC-42A3-9474-1A3956D46DE8}") = "src", "src", "{634DE3FE-DB35-4C4C-B4A5-D977DDA46459}"
EndProject
Project("{FAE04EC0-301F-11D3-BF4B-00C04F79EFBC}") = "Quinela.Domain", "src\Quinela.Domain\Quinela.Domain.csproj", "{32C694FB-22C0-45FD-BA20-00B044625C1F}"
EndProject
Project("{FAE04EC0-301F-11D3-BF4B-00C04F79EFBC}") = "Quinela.Application", "src\Quinela.Application\Quinela.Application.csproj", "{E8788415-C551-41C4-B854-B6D5382475B2}"
EndProject
Project("{FAE04EC0-301F-11D3-BF4B-00C04F79EFBC}") = "Quinela.Infrastructure", "src\Quinela.Infrastructure\Quinela.Infrastructure.csproj", "{47830348-BCDD-43C6-A048-5F0B9C63E5D0}"
EndProject
Project("{FAE04EC0-301F-11D3-BF4B-00C04F79EFBC}") = "Quinela.Api", "src\Quinela.Api\Quinela.Api.csproj", "{91953B83-63AE-4F8C-A5FC-18CF7F5748C2}"
EndProject
Project("{2150E333-8FDC-42A3-9474-1A3956D46DE8}") = "tests", "tests", "{816E1BCE-C293-4BF0-8A30-9BBCC8F48DC1}"
EndProject
Project("{FAE04EC0-301F-11D3-BF4B-00C04F79EFBC}") = "Quinela.Application.Tests", "tests\Quinela.Application.Tests\Quinela.Application.Tests.csproj", "{85E4F163-DEF9-4733-84DE-B21E8864F2A5}"
EndProject
Global
	GlobalSection(SolutionConfigurationPlatforms) = preSolution
		Debug|Any CPU = Debug|Any CPU
		Release|Any CPU = Release|Any CPU
	EndGlobalSection
	GlobalSection(SolutionProperties) = preSolution
		HideSolutionNode = FALSE
	EndGlobalSection
	GlobalSection(ProjectConfigurationPlatforms) = postSolution
		{32C694FB-22C0-45FD-BA20-00B044625C1F}.Debug|Any CPU.ActiveCfg = Debug|Any CPU
		{32C694FB-22C0-45FD-BA20-00B044625C1F}.Debug|Any CPU.Build.0 = Debug|Any CPU
		{32C694FB-22C0-45FD-BA20-00B044625C1F}.Release|Any CPU.ActiveCfg = Release|Any CPU
		{32C694FB-22C0-45FD-BA20-00B044625C1F}.Release|Any CPU.Build.0 = Release|Any CPU
		{E8788415-C551-41C4-B854-B6D5382475B2}.Debug|Any CPU.ActiveCfg = Debug|Any CPU
		{E8788415-C551-41C4-B854-B6D5382475B2}.Debug|Any CPU.Build.0 = Debug|Any CPU
		{E8788415-C551-41C4-B854-B6D5382475B2}.Release|Any CPU.ActiveCfg = Release|Any CPU
		{E8788415-C551-41C4-B854-B6D5382475B2}.Release|Any CPU.Build.0 = Release|Any CPU
		{47830348-BCDD-43C6-A048-5F0B9C63E5D0}.Debug|Any CPU.ActiveCfg = Debug|Any CPU
		{47830348-BCDD-43C6-A048-5F0B9C63E5D0}.Debug|Any CPU.Build.0 = Debug|Any CPU
		{47830348-BCDD-43C6-A048-5F0B9C63E5D0}.Release|Any CPU.ActiveCfg = Release|Any CPU
		{47830348-BCDD-43C6-A048-5F0B9C63E5D0}.Release|Any CPU.Build.0 = Release|Any CPU
		{91953B83-63AE-4F8C-A5FC-18CF7F5748C2}.Debug|Any CPU.ActiveCfg = Debug|Any CPU
		{91953B83-63AE-4F8C-A5FC-18CF7F5748C2}.Debug|Any CPU.Build.0 = Debug|Any CPU
		{91953B83-63AE-4F8C-A5FC-18CF7F5748C2}.Release|Any CPU.ActiveCfg = Release|Any CPU
		{91953B83-63AE-4F8C-A5FC-18CF7F5748C2}.Release|Any CPU.Build.0 = Release|Any CPU
		{85E4F163-DEF9-4733-84DE-B21E8864F2A5}.Debug|Any CPU.ActiveCfg = Debug|Any CPU
		{85E4F163-DEF9-4733-84DE-B21E8864F2A5}.Debug|Any CPU.Build.0 = Debug|Any CPU
		{85E4F163-DEF9-4733-84DE-B21E8864F2A5}.Release|Any CPU.ActiveCfg = Release|Any CPU
		{85E4F163-DEF9-4733-84DE-B21E8864F2A5}.Release|Any CPU.Build.0 = Release|Any CPU
	EndGlobalSection
	GlobalSection(NestedProjects) = preSolution
		{32C694FB-22C0-45FD-BA20-00B044625C1F} = {634DE3FE-DB35-4C4C-B4A5-D977DDA46459}
		{E8788415-C551-41C4-B854-B6D5382475B2} = {634DE3FE-DB35-4C4C-B4A5-D977DDA46459}
		{47830348-BCDD-43C6-A048-5F0B9C63E5D0} = {634DE3FE-DB35-4C4C-B4A5-D977DDA46459}
		{91953B83-63AE-4F8C-A5FC-18CF7F5748C2} = {634DE3FE-DB35-4C4C-B4A5-D977DDA46459}
		{85E4F163-DEF9-4733-84DE-B21E8864F2A5} = {816E1BCE-C293-4BF0-8A30-9BBCC8F48DC1}
	EndGlobalSection
EndGlobal
